
Microsoft Visual Studio Solution File, Format Version 12.00
# Visual Studio Version 16
VisualStudioVersion = 16.0.30330.147
MinimumVisualStudioVersion = 10.0.40219.1
Project("{FAE04EC0-301F-11D3-BF4B-00C04F79EFBC}") = "RH", "RH\RH.csproj", "{AF5671A4-F24B-4BB3-B4C9-F2EE145B55B2}"
EndProject
Global
	GlobalSection(SolutionConfigurationPlatforms) = preSolution
		Debug|Any CPU = Debug|Any CPU
		Release|Any CPU = Release|Any CPU
	EndGlobalSection
	GlobalSection(ProjectConfigurationPlatforms) = postSolution
		{AF5671A4-F24B-4BB3-B4C9-F2EE145B55B2}.Debug|Any CPU.ActiveCfg = Debug|Any CPU
		{AF5671A4-F24B-4BB3-B4C9-F2EE145B55B2}.Debug|Any CPU.Build.0 = Debug|Any CPU
		{AF5671A4-F24B-4BB3-B4C9-F2EE145B55B2}.Release|Any CPU.ActiveCfg = Release|Any CPU
		{AF5671A4-F24B-4BB3-B4C9-F2EE145B55B2}.Release|Any CPU.Build.0 = Release|Any CPU
	EndGlobalSection
	GlobalSection(SolutionProperties) = preSolution
		HideSolutionNode = FALSE
	EndGlobalSection
	GlobalSection(ExtensibilityGlobals) = postSolution
		SolutionGuid = {FB64D0B1-A865-4CA6-99F0-F7F12F84B481}
	EndGlobalSection
EndGlobal
